
Microsoft Visual Studio Solution File, Format Version 12.00
# Visual Studio Version 17
VisualStudioVersion = 17.8.34322.80
MinimumVisualStudioVersion = 10.0.40219.1
Project("{FAE04EC0-301F-11D3-BF4B-00C04F79EFBC}") = "AuctionService", "AuctionService\AuctionService.csproj", "{DA64BE63-A393-4C1B-8945-EC073ED0E9E1}"
EndProject
Global
	GlobalSection(SolutionConfigurationPlatforms) = preSolution
		Debug|Any CPU = Debug|Any CPU
		Release|Any CPU = Release|Any CPU
	EndGlobalSection
	GlobalSection(ProjectConfigurationPlatforms) = postSolution
		{DA64BE63-A393-4C1B-8945-EC073ED0E9E1}.Debug|Any CPU.ActiveCfg = Debug|Any CPU
		{DA64BE63-A393-4C1B-8945-EC073ED0E9E1}.Debug|Any CPU.Build.0 = Debug|Any CPU
		{DA64BE63-A393-4C1B-8945-EC073ED0E9E1}.Release|Any CPU.ActiveCfg = Release|Any CPU
		{DA64BE63-A393-4C1B-8945-EC073ED0E9E1}.Release|Any CPU.Build.0 = Release|Any CPU
	EndGlobalSection
	GlobalSection(SolutionProperties) = preSolution
		HideSolutionNode = FALSE
	EndGlobalSection
	GlobalSection(ExtensibilityGlobals) = postSolution
		SolutionGuid = {0623E36D-B534-45B2-93C1-E20393FA6DD9}
	EndGlobalSection
EndGlobal
