
Microsoft Visual Studio Solution File, Format Version 12.00
# Visual Studio Version 17
VisualStudioVersion = 17.8.34322.80
MinimumVisualStudioVersion = 10.0.40219.1
Project("{9A19103F-16F7-4668-BE54-9A1E7A4F7556}") = "AuctionService", "AuctionService\AuctionService.csproj", "{DA64BE63-A393-4C1B-8945-EC073ED0E9E1}"
EndProject
Project("{2150E333-8FDC-42A3-9474-1A3956D46DE8}") = "Solution Items", "Solution Items", "{2E3F3177-06F9-40ED-AAB8-5D000394AF48}"
	ProjectSection(SolutionItems) = preProject
		.editorconfig = .editorconfig
		docker-compose.yml = docker-compose.yml
	EndProjectSection
EndProject
Project("{9A19103F-16F7-4668-BE54-9A1E7A4F7556}") = "SearchService", "SearchService\SearchService.csproj", "{B81F2E9E-A65A-4ABA-AAA6-133141D7B0F4}"
EndProject
Project("{FAE04EC0-301F-11D3-BF4B-00C04F79EFBC}") = "Contracts", "Contracts\Contracts.csproj", "{BC5CB2EE-DC54-4DAF-891B-F58A9F0450DC}"
EndProject
Global
	GlobalSection(SolutionConfigurationPlatforms) = preSolution
		Debug|Any CPU = Debug|Any CPU
		Release|Any CPU = Release|Any CPU
	EndGlobalSection
	GlobalSection(ProjectConfigurationPlatforms) = postSolution
		{DA64BE63-A393-4C1B-8945-EC073ED0E9E1}.Debug|Any CPU.ActiveCfg = Debug|Any CPU
		{DA64BE63-A393-4C1B-8945-EC073ED0E9E1}.Debug|Any CPU.Build.0 = Debug|Any CPU
		{DA64BE63-A393-4C1B-8945-EC073ED0E9E1}.Release|Any CPU.ActiveCfg = Release|Any CPU
		{DA64BE63-A393-4C1B-8945-EC073ED0E9E1}.Release|Any CPU.Build.0 = Release|Any CPU
		{B81F2E9E-A65A-4ABA-AAA6-133141D7B0F4}.Debug|Any CPU.ActiveCfg = Debug|Any CPU
		{B81F2E9E-A65A-4ABA-AAA6-133141D7B0F4}.Debug|Any CPU.Build.0 = Debug|Any CPU
		{B81F2E9E-A65A-4ABA-AAA6-133141D7B0F4}.Release|Any CPU.ActiveCfg = Release|Any CPU
		{B81F2E9E-A65A-4ABA-AAA6-133141D7B0F4}.Release|Any CPU.Build.0 = Release|Any CPU
		{BC5CB2EE-DC54-4DAF-891B-F58A9F0450DC}.Debug|Any CPU.ActiveCfg = Debug|Any CPU
		{BC5CB2EE-DC54-4DAF-891B-F58A9F0450DC}.Debug|Any CPU.Build.0 = Debug|Any CPU
		{BC5CB2EE-DC54-4DAF-891B-F58A9F0450DC}.Release|Any CPU.ActiveCfg = Release|Any CPU
		{BC5CB2EE-DC54-4DAF-891B-F58A9F0450DC}.Release|Any CPU.Build.0 = Release|Any CPU
	EndGlobalSection
	GlobalSection(SolutionProperties) = preSolution
		HideSolutionNode = FALSE
	EndGlobalSection
	GlobalSection(ExtensibilityGlobals) = postSolution
		SolutionGuid = {0623E36D-B534-45B2-93C1-E20393FA6DD9}
	EndGlobalSection
EndGlobal
